
Microsoft Visual Studio Solution File, Format Version 12.00
# Visual Studio Version 17
VisualStudioVersion = 17.3.32825.248
MinimumVisualStudioVersion = 10.0.40219.1
Project("{FAE04EC0-301F-11D3-BF4B-00C04F79EFBC}") = "Player", "Player\Player.csproj", "{06B09EE7-3B7C-4199-84AB-E01FAFA125A1}"
EndProject
Global
	GlobalSection(SolutionConfigurationPlatforms) = preSolution
		Debug|Any CPU = Debug|Any CPU
		Release|Any CPU = Release|Any CPU
	EndGlobalSection
	GlobalSection(ProjectConfigurationPlatforms) = postSolution
		{06B09EE7-3B7C-4199-84AB-E01FAFA125A1}.Debug|Any CPU.ActiveCfg = Debug|Any CPU
		{06B09EE7-3B7C-4199-84AB-E01FAFA125A1}.Debug|Any CPU.Build.0 = Debug|Any CPU
		{06B09EE7-3B7C-4199-84AB-E01FAFA125A1}.Release|Any CPU.ActiveCfg = Release|Any CPU
		{06B09EE7-3B7C-4199-84AB-E01FAFA125A1}.Release|Any CPU.Build.0 = Release|Any CPU
	EndGlobalSection
	GlobalSection(SolutionProperties) = preSolution
		HideSolutionNode = FALSE
	EndGlobalSection
	GlobalSection(ExtensibilityGlobals) = postSolution
		SolutionGuid = {66E70426-9476-42C4-B9A3-428B564571E3}
	EndGlobalSection
EndGlobal
